// !$*UTF8*$!
{
	archiveVersion = 1;
	classes = {
	};
	objectVersion = 50;
	objects = {

/* Begin PBXBuildFile section */
		4DF6053007DA2D6979076B5C /* Pods_weCareTests.framework in Frameworks */ = {isa = PBXBuildFile; fileRef = 216F9EBA5FD98C801F603DA7 /* Pods_weCareTests.framework */; };
		9574BFB2E66C3A621AD938FE /* Pods_weCare.framework in Frameworks */ = {isa = PBXBuildFile; fileRef = 4B1DBB4C35F1C4147652AFC7 /* Pods_weCare.framework */; };
		C3DCCCFF6E820D7030B72AFC /* Pods_weCare_weCareUITests.framework in Frameworks */ = {isa = PBXBuildFile; fileRef = 2730DDBB31CAC4147F401A23 /* Pods_weCare_weCareUITests.framework */; };
		E090B24723E16E44002EE1B8 /* AppDelegate.swift in Sources */ = {isa = PBXBuildFile; fileRef = E090B24623E16E44002EE1B8 /* AppDelegate.swift */; };
		E090B24923E16E44002EE1B8 /* SceneDelegate.swift in Sources */ = {isa = PBXBuildFile; fileRef = E090B24823E16E44002EE1B8 /* SceneDelegate.swift */; };
		E090B24B23E16E44002EE1B8 /* ViewController.swift in Sources */ = {isa = PBXBuildFile; fileRef = E090B24A23E16E44002EE1B8 /* ViewController.swift */; };
		E090B24E23E16E44002EE1B8 /* Main.storyboard in Resources */ = {isa = PBXBuildFile; fileRef = E090B24C23E16E44002EE1B8 /* Main.storyboard */; };
		E090B25123E16E44002EE1B8 /* weCare.xcdatamodeld in Sources */ = {isa = PBXBuildFile; fileRef = E090B24F23E16E44002EE1B8 /* weCare.xcdatamodeld */; };
		E090B25323E16E45002EE1B8 /* Assets.xcassets in Resources */ = {isa = PBXBuildFile; fileRef = E090B25223E16E45002EE1B8 /* Assets.xcassets */; };
		E090B25623E16E45002EE1B8 /* LaunchScreen.storyboard in Resources */ = {isa = PBXBuildFile; fileRef = E090B25423E16E45002EE1B8 /* LaunchScreen.storyboard */; };
		E090B26123E16E45002EE1B8 /* weCareTests.swift in Sources */ = {isa = PBXBuildFile; fileRef = E090B26023E16E45002EE1B8 /* weCareTests.swift */; };
		E090B26C23E16E45002EE1B8 /* weCareUITests.swift in Sources */ = {isa = PBXBuildFile; fileRef = E090B26B23E16E45002EE1B8 /* weCareUITests.swift */; };
		E090B27B23E1719A002EE1B8 /* BaseViewController.swift in Sources */ = {isa = PBXBuildFile; fileRef = E090B27A23E1719A002EE1B8 /* BaseViewController.swift */; };
		E090B27F23E171BA002EE1B8 /* SplashViewController.swift in Sources */ = {isa = PBXBuildFile; fileRef = E090B27E23E171BA002EE1B8 /* SplashViewController.swift */; };
		E090B28123E1A0A0002EE1B8 /* CreateProgram.storyboard in Resources */ = {isa = PBXBuildFile; fileRef = E090B28023E1A0A0002EE1B8 /* CreateProgram.storyboard */; };
		E090B28623E1A327002EE1B8 /* CreateProgramViewController.swift in Sources */ = {isa = PBXBuildFile; fileRef = E090B28523E1A327002EE1B8 /* CreateProgramViewController.swift */; };
		E090B28A23E1A343002EE1B8 /* SelectProductCell.swift in Sources */ = {isa = PBXBuildFile; fileRef = E090B28823E1A343002EE1B8 /* SelectProductCell.swift */; };
		E090B28B23E1A343002EE1B8 /* SelectProductCell.xib in Resources */ = {isa = PBXBuildFile; fileRef = E090B28923E1A343002EE1B8 /* SelectProductCell.xib */; };
		E090B28E23E1A355002EE1B8 /* SelectDaysCell.swift in Sources */ = {isa = PBXBuildFile; fileRef = E090B28C23E1A355002EE1B8 /* SelectDaysCell.swift */; };
		E090B28F23E1A355002EE1B8 /* SelectDaysCell.xib in Resources */ = {isa = PBXBuildFile; fileRef = E090B28D23E1A355002EE1B8 /* SelectDaysCell.xib */; };
		E090B29223E1A365002EE1B8 /* SelectWeeksCell.swift in Sources */ = {isa = PBXBuildFile; fileRef = E090B29023E1A365002EE1B8 /* SelectWeeksCell.swift */; };
		E090B29323E1A365002EE1B8 /* SelectWeeksCell.xib in Resources */ = {isa = PBXBuildFile; fileRef = E090B29123E1A365002EE1B8 /* SelectWeeksCell.xib */; };
		E090B29623E1A37C002EE1B8 /* CreateProgramTitleCell.swift in Sources */ = {isa = PBXBuildFile; fileRef = E090B29423E1A37C002EE1B8 /* CreateProgramTitleCell.swift */; };
		E090B29723E1A37C002EE1B8 /* CreateProgramTitleCell.xib in Resources */ = {isa = PBXBuildFile; fileRef = E090B29523E1A37C002EE1B8 /* CreateProgramTitleCell.xib */; };
		E090B29923E1A537002EE1B8 /* PRSColor.swift in Sources */ = {isa = PBXBuildFile; fileRef = E090B29823E1A537002EE1B8 /* PRSColor.swift */; };
		E090B29B23E1AE77002EE1B8 /* PRSLabel.swift in Sources */ = {isa = PBXBuildFile; fileRef = E090B29A23E1AE77002EE1B8 /* PRSLabel.swift */; };
/* End PBXBuildFile section */

/* Begin PBXContainerItemProxy section */
		E090B25D23E16E45002EE1B8 /* PBXContainerItemProxy */ = {
			isa = PBXContainerItemProxy;
			containerPortal = E090B23B23E16E44002EE1B8 /* Project object */;
			proxyType = 1;
			remoteGlobalIDString = E090B24223E16E44002EE1B8;
			remoteInfo = weCare;
		};
		E090B26823E16E45002EE1B8 /* PBXContainerItemProxy */ = {
			isa = PBXContainerItemProxy;
			containerPortal = E090B23B23E16E44002EE1B8 /* Project object */;
			proxyType = 1;
			remoteGlobalIDString = E090B24223E16E44002EE1B8;
			remoteInfo = weCare;
		};
/* End PBXContainerItemProxy section */

/* Begin PBXFileReference section */
		0D016A9666063516D0BBBDE8 /* Pods-weCare.release.xcconfig */ = {isa = PBXFileReference; includeInIndex = 1; lastKnownFileType = text.xcconfig; name = "Pods-weCare.release.xcconfig"; path = "Target Support Files/Pods-weCare/Pods-weCare.release.xcconfig"; sourceTree = "<group>"; };
		216F9EBA5FD98C801F603DA7 /* Pods_weCareTests.framework */ = {isa = PBXFileReference; explicitFileType = wrapper.framework; includeInIndex = 0; path = Pods_weCareTests.framework; sourceTree = BUILT_PRODUCTS_DIR; };
		2730DDBB31CAC4147F401A23 /* Pods_weCare_weCareUITests.framework */ = {isa = PBXFileReference; explicitFileType = wrapper.framework; includeInIndex = 0; path = Pods_weCare_weCareUITests.framework; sourceTree = BUILT_PRODUCTS_DIR; };
		4A08CE33382245EB3095A194 /* Pods-weCareTests.debug.xcconfig */ = {isa = PBXFileReference; includeInIndex = 1; lastKnownFileType = text.xcconfig; name = "Pods-weCareTests.debug.xcconfig"; path = "Target Support Files/Pods-weCareTests/Pods-weCareTests.debug.xcconfig"; sourceTree = "<group>"; };
		4B1DBB4C35F1C4147652AFC7 /* Pods_weCare.framework */ = {isa = PBXFileReference; explicitFileType = wrapper.framework; includeInIndex = 0; path = Pods_weCare.framework; sourceTree = BUILT_PRODUCTS_DIR; };
		7FFC719F33F7D4CEDD4B394A /* Pods-weCare.debug.xcconfig */ = {isa = PBXFileReference; includeInIndex = 1; lastKnownFileType = text.xcconfig; name = "Pods-weCare.debug.xcconfig"; path = "Target Support Files/Pods-weCare/Pods-weCare.debug.xcconfig"; sourceTree = "<group>"; };
		A47EAF0717D49E40047C2F4B /* Pods-weCare-weCareUITests.release.xcconfig */ = {isa = PBXFileReference; includeInIndex = 1; lastKnownFileType = text.xcconfig; name = "Pods-weCare-weCareUITests.release.xcconfig"; path = "Target Support Files/Pods-weCare-weCareUITests/Pods-weCare-weCareUITests.release.xcconfig"; sourceTree = "<group>"; };
		E090B24323E16E44002EE1B8 /* weCare.app */ = {isa = PBXFileReference; explicitFileType = wrapper.application; includeInIndex = 0; path = weCare.app; sourceTree = BUILT_PRODUCTS_DIR; };
		E090B24623E16E44002EE1B8 /* AppDelegate.swift */ = {isa = PBXFileReference; lastKnownFileType = sourcecode.swift; path = AppDelegate.swift; sourceTree = "<group>"; };
		E090B24823E16E44002EE1B8 /* SceneDelegate.swift */ = {isa = PBXFileReference; lastKnownFileType = sourcecode.swift; path = SceneDelegate.swift; sourceTree = "<group>"; };
		E090B24A23E16E44002EE1B8 /* ViewController.swift */ = {isa = PBXFileReference; lastKnownFileType = sourcecode.swift; path = ViewController.swift; sourceTree = "<group>"; };
		E090B24D23E16E44002EE1B8 /* Base */ = {isa = PBXFileReference; lastKnownFileType = file.storyboard; name = Base; path = Base.lproj/Main.storyboard; sourceTree = "<group>"; };
		E090B25023E16E44002EE1B8 /* weCare.xcdatamodel */ = {isa = PBXFileReference; lastKnownFileType = wrapper.xcdatamodel; path = weCare.xcdatamodel; sourceTree = "<group>"; };
		E090B25223E16E45002EE1B8 /* Assets.xcassets */ = {isa = PBXFileReference; lastKnownFileType = folder.assetcatalog; path = Assets.xcassets; sourceTree = "<group>"; };
		E090B25523E16E45002EE1B8 /* Base */ = {isa = PBXFileReference; lastKnownFileType = file.storyboard; name = Base; path = Base.lproj/LaunchScreen.storyboard; sourceTree = "<group>"; };
		E090B25723E16E45002EE1B8 /* Info.plist */ = {isa = PBXFileReference; lastKnownFileType = text.plist.xml; path = Info.plist; sourceTree = "<group>"; };
		E090B25C23E16E45002EE1B8 /* weCareTests.xctest */ = {isa = PBXFileReference; explicitFileType = wrapper.cfbundle; includeInIndex = 0; path = weCareTests.xctest; sourceTree = BUILT_PRODUCTS_DIR; };
		E090B26023E16E45002EE1B8 /* weCareTests.swift */ = {isa = PBXFileReference; lastKnownFileType = sourcecode.swift; path = weCareTests.swift; sourceTree = "<group>"; };
		E090B26223E16E45002EE1B8 /* Info.plist */ = {isa = PBXFileReference; lastKnownFileType = text.plist.xml; path = Info.plist; sourceTree = "<group>"; };
		E090B26723E16E45002EE1B8 /* weCareUITests.xctest */ = {isa = PBXFileReference; explicitFileType = wrapper.cfbundle; includeInIndex = 0; path = weCareUITests.xctest; sourceTree = BUILT_PRODUCTS_DIR; };
		E090B26B23E16E45002EE1B8 /* weCareUITests.swift */ = {isa = PBXFileReference; lastKnownFileType = sourcecode.swift; path = weCareUITests.swift; sourceTree = "<group>"; };
		E090B26D23E16E45002EE1B8 /* Info.plist */ = {isa = PBXFileReference; lastKnownFileType = text.plist.xml; path = Info.plist; sourceTree = "<group>"; };
		E090B27A23E1719A002EE1B8 /* BaseViewController.swift */ = {isa = PBXFileReference; lastKnownFileType = sourcecode.swift; path = BaseViewController.swift; sourceTree = "<group>"; };
		E090B27E23E171BA002EE1B8 /* SplashViewController.swift */ = {isa = PBXFileReference; lastKnownFileType = sourcecode.swift; path = SplashViewController.swift; sourceTree = "<group>"; };
		E090B28023E1A0A0002EE1B8 /* CreateProgram.storyboard */ = {isa = PBXFileReference; lastKnownFileType = file.storyboard; path = CreateProgram.storyboard; sourceTree = "<group>"; };
		E090B28523E1A327002EE1B8 /* CreateProgramViewController.swift */ = {isa = PBXFileReference; lastKnownFileType = sourcecode.swift; path = CreateProgramViewController.swift; sourceTree = "<group>"; };
		E090B28823E1A343002EE1B8 /* SelectProductCell.swift */ = {isa = PBXFileReference; lastKnownFileType = sourcecode.swift; path = SelectProductCell.swift; sourceTree = "<group>"; };
		E090B28923E1A343002EE1B8 /* SelectProductCell.xib */ = {isa = PBXFileReference; lastKnownFileType = file.xib; path = SelectProductCell.xib; sourceTree = "<group>"; };
		E090B28C23E1A355002EE1B8 /* SelectDaysCell.swift */ = {isa = PBXFileReference; lastKnownFileType = sourcecode.swift; path = SelectDaysCell.swift; sourceTree = "<group>"; };
		E090B28D23E1A355002EE1B8 /* SelectDaysCell.xib */ = {isa = PBXFileReference; lastKnownFileType = file.xib; path = SelectDaysCell.xib; sourceTree = "<group>"; };
		E090B29023E1A365002EE1B8 /* SelectWeeksCell.swift */ = {isa = PBXFileReference; lastKnownFileType = sourcecode.swift; path = SelectWeeksCell.swift; sourceTree = "<group>"; };
		E090B29123E1A365002EE1B8 /* SelectWeeksCell.xib */ = {isa = PBXFileReference; lastKnownFileType = file.xib; path = SelectWeeksCell.xib; sourceTree = "<group>"; };
		E090B29423E1A37C002EE1B8 /* CreateProgramTitleCell.swift */ = {isa = PBXFileReference; lastKnownFileType = sourcecode.swift; path = CreateProgramTitleCell.swift; sourceTree = "<group>"; };
		E090B29523E1A37C002EE1B8 /* CreateProgramTitleCell.xib */ = {isa = PBXFileReference; lastKnownFileType = file.xib; path = CreateProgramTitleCell.xib; sourceTree = "<group>"; };
		E090B29823E1A537002EE1B8 /* PRSColor.swift */ = {isa = PBXFileReference; lastKnownFileType = sourcecode.swift; path = PRSColor.swift; sourceTree = "<group>"; };
		E090B29A23E1AE77002EE1B8 /* PRSLabel.swift */ = {isa = PBXFileReference; lastKnownFileType = sourcecode.swift; path = PRSLabel.swift; sourceTree = "<group>"; };
		F24D7B25044DCCE2733DED69 /* Pods-weCare-weCareUITests.debug.xcconfig */ = {isa = PBXFileReference; includeInIndex = 1; lastKnownFileType = text.xcconfig; name = "Pods-weCare-weCareUITests.debug.xcconfig"; path = "Target Support Files/Pods-weCare-weCareUITests/Pods-weCare-weCareUITests.debug.xcconfig"; sourceTree = "<group>"; };
		FA0AD6070B4E2E3D70F9A0BA /* Pods-weCareTests.release.xcconfig */ = {isa = PBXFileReference; includeInIndex = 1; lastKnownFileType = text.xcconfig; name = "Pods-weCareTests.release.xcconfig"; path = "Target Support Files/Pods-weCareTests/Pods-weCareTests.release.xcconfig"; sourceTree = "<group>"; };
/* End PBXFileReference section */

/* Begin PBXFrameworksBuildPhase section */
		E090B24023E16E44002EE1B8 /* Frameworks */ = {
			isa = PBXFrameworksBuildPhase;
			buildActionMask = 2147483647;
			files = (
				9574BFB2E66C3A621AD938FE /* Pods_weCare.framework in Frameworks */,
			);
			runOnlyForDeploymentPostprocessing = 0;
		};
		E090B25923E16E45002EE1B8 /* Frameworks */ = {
			isa = PBXFrameworksBuildPhase;
			buildActionMask = 2147483647;
			files = (
				4DF6053007DA2D6979076B5C /* Pods_weCareTests.framework in Frameworks */,
			);
			runOnlyForDeploymentPostprocessing = 0;
		};
		E090B26423E16E45002EE1B8 /* Frameworks */ = {
			isa = PBXFrameworksBuildPhase;
			buildActionMask = 2147483647;
			files = (
				C3DCCCFF6E820D7030B72AFC /* Pods_weCare_weCareUITests.framework in Frameworks */,
			);
			runOnlyForDeploymentPostprocessing = 0;
		};
/* End PBXFrameworksBuildPhase section */

/* Begin PBXGroup section */
		83414C99C350754108CFB774 /* Frameworks */ = {
			isa = PBXGroup;
			children = (
				4B1DBB4C35F1C4147652AFC7 /* Pods_weCare.framework */,
				2730DDBB31CAC4147F401A23 /* Pods_weCare_weCareUITests.framework */,
				216F9EBA5FD98C801F603DA7 /* Pods_weCareTests.framework */,
			);
			name = Frameworks;
			sourceTree = "<group>";
		};
		DF040EB1FF36D304E5D126CA /* Pods */ = {
			isa = PBXGroup;
			children = (
				7FFC719F33F7D4CEDD4B394A /* Pods-weCare.debug.xcconfig */,
				0D016A9666063516D0BBBDE8 /* Pods-weCare.release.xcconfig */,
				F24D7B25044DCCE2733DED69 /* Pods-weCare-weCareUITests.debug.xcconfig */,
				A47EAF0717D49E40047C2F4B /* Pods-weCare-weCareUITests.release.xcconfig */,
				4A08CE33382245EB3095A194 /* Pods-weCareTests.debug.xcconfig */,
				FA0AD6070B4E2E3D70F9A0BA /* Pods-weCareTests.release.xcconfig */,
			);
			path = Pods;
			sourceTree = "<group>";
		};
		E090B23A23E16E44002EE1B8 = {
			isa = PBXGroup;
			children = (
				E090B24523E16E44002EE1B8 /* weCare */,
				E090B25F23E16E45002EE1B8 /* weCareTests */,
				E090B26A23E16E45002EE1B8 /* weCareUITests */,
				E090B24423E16E44002EE1B8 /* Products */,
				DF040EB1FF36D304E5D126CA /* Pods */,
				83414C99C350754108CFB774 /* Frameworks */,
			);
			sourceTree = "<group>";
		};
		E090B24423E16E44002EE1B8 /* Products */ = {
			isa = PBXGroup;
			children = (
				E090B24323E16E44002EE1B8 /* weCare.app */,
				E090B25C23E16E45002EE1B8 /* weCareTests.xctest */,
				E090B26723E16E45002EE1B8 /* weCareUITests.xctest */,
			);
			name = Products;
			sourceTree = "<group>";
		};
		E090B24523E16E44002EE1B8 /* weCare */ = {
			isa = PBXGroup;
			children = (
				E090B28223E1A0A5002EE1B8 /* StoryBoards */,
				E090B27C23E171A8002EE1B8 /* Modules */,
				E090B27923E17185002EE1B8 /* Utils */,
				E090B24623E16E44002EE1B8 /* AppDelegate.swift */,
				E090B24823E16E44002EE1B8 /* SceneDelegate.swift */,
				E090B24A23E16E44002EE1B8 /* ViewController.swift */,
				E090B25223E16E45002EE1B8 /* Assets.xcassets */,
				E090B25723E16E45002EE1B8 /* Info.plist */,
				E090B24F23E16E44002EE1B8 /* weCare.xcdatamodeld */,
			);
			path = weCare;
			sourceTree = "<group>";
		};
		E090B25F23E16E45002EE1B8 /* weCareTests */ = {
			isa = PBXGroup;
			children = (
				E090B26023E16E45002EE1B8 /* weCareTests.swift */,
				E090B26223E16E45002EE1B8 /* Info.plist */,
			);
			path = weCareTests;
			sourceTree = "<group>";
		};
		E090B26A23E16E45002EE1B8 /* weCareUITests */ = {
			isa = PBXGroup;
			children = (
				E090B26B23E16E45002EE1B8 /* weCareUITests.swift */,
				E090B26D23E16E45002EE1B8 /* Info.plist */,
			);
			path = weCareUITests;
			sourceTree = "<group>";
		};
		E090B27923E17185002EE1B8 /* Utils */ = {
			isa = PBXGroup;
			children = (
				E090B27A23E1719A002EE1B8 /* BaseViewController.swift */,
				E090B29823E1A537002EE1B8 /* PRSColor.swift */,
				E090B29A23E1AE77002EE1B8 /* PRSLabel.swift */,
			);
			path = Utils;
			sourceTree = "<group>";
		};
		E090B27C23E171A8002EE1B8 /* Modules */ = {
			isa = PBXGroup;
			children = (
				E090B28423E1A316002EE1B8 /* CreateProgram */,
				E090B27D23E171AD002EE1B8 /* Splash */,
			);
			path = Modules;
			sourceTree = "<group>";
		};
		E090B27D23E171AD002EE1B8 /* Splash */ = {
			isa = PBXGroup;
			children = (
				E090B27E23E171BA002EE1B8 /* SplashViewController.swift */,
			);
			path = Splash;
			sourceTree = "<group>";
		};
		E090B28223E1A0A5002EE1B8 /* StoryBoards */ = {
			isa = PBXGroup;
			children = (
				E090B24C23E16E44002EE1B8 /* Main.storyboard */,
				E090B25423E16E45002EE1B8 /* LaunchScreen.storyboard */,
				E090B28023E1A0A0002EE1B8 /* CreateProgram.storyboard */,
			);
			path = StoryBoards;
			sourceTree = "<group>";
		};
		E090B28423E1A316002EE1B8 /* CreateProgram */ = {
			isa = PBXGroup;
			children = (
				E090B28723E1A32A002EE1B8 /* Cells */,
				E090B28523E1A327002EE1B8 /* CreateProgramViewController.swift */,
			);
			path = CreateProgram;
			sourceTree = "<group>";
		};
		E090B28723E1A32A002EE1B8 /* Cells */ = {
			isa = PBXGroup;
			children = (
				E090B28823E1A343002EE1B8 /* SelectProductCell.swift */,
				E090B28923E1A343002EE1B8 /* SelectProductCell.xib */,
				E090B28C23E1A355002EE1B8 /* SelectDaysCell.swift */,
				E090B28D23E1A355002EE1B8 /* SelectDaysCell.xib */,
				E090B29023E1A365002EE1B8 /* SelectWeeksCell.swift */,
				E090B29123E1A365002EE1B8 /* SelectWeeksCell.xib */,
				E090B29423E1A37C002EE1B8 /* CreateProgramTitleCell.swift */,
				E090B29523E1A37C002EE1B8 /* CreateProgramTitleCell.xib */,
			);
			path = Cells;
			sourceTree = "<group>";
		};
/* End PBXGroup section */

/* Begin PBXNativeTarget section */
		E090B24223E16E44002EE1B8 /* weCare */ = {
			isa = PBXNativeTarget;
			buildConfigurationList = E090B27023E16E45002EE1B8 /* Build configuration list for PBXNativeTarget "weCare" */;
			buildPhases = (
				0C5B95CA3BB85E4839139D1A /* [CP] Check Pods Manifest.lock */,
				E090B23F23E16E44002EE1B8 /* Sources */,
				E090B24023E16E44002EE1B8 /* Frameworks */,
				E090B24123E16E44002EE1B8 /* Resources */,
			);
			buildRules = (
			);
			dependencies = (
			);
			name = weCare;
			productName = weCare;
			productReference = E090B24323E16E44002EE1B8 /* weCare.app */;
			productType = "com.apple.product-type.application";
		};
		E090B25B23E16E45002EE1B8 /* weCareTests */ = {
			isa = PBXNativeTarget;
			buildConfigurationList = E090B27323E16E45002EE1B8 /* Build configuration list for PBXNativeTarget "weCareTests" */;
			buildPhases = (
				5AF734C7DAF99F72A440FB39 /* [CP] Check Pods Manifest.lock */,
				E090B25823E16E45002EE1B8 /* Sources */,
				E090B25923E16E45002EE1B8 /* Frameworks */,
				E090B25A23E16E45002EE1B8 /* Resources */,
			);
			buildRules = (
			);
			dependencies = (
				E090B25E23E16E45002EE1B8 /* PBXTargetDependency */,
			);
			name = weCareTests;
			productName = weCareTests;
			productReference = E090B25C23E16E45002EE1B8 /* weCareTests.xctest */;
			productType = "com.apple.product-type.bundle.unit-test";
		};
		E090B26623E16E45002EE1B8 /* weCareUITests */ = {
			isa = PBXNativeTarget;
			buildConfigurationList = E090B27623E16E45002EE1B8 /* Build configuration list for PBXNativeTarget "weCareUITests" */;
			buildPhases = (
				684D722E23A1593A45A635E4 /* [CP] Check Pods Manifest.lock */,
				E090B26323E16E45002EE1B8 /* Sources */,
				E090B26423E16E45002EE1B8 /* Frameworks */,
				E090B26523E16E45002EE1B8 /* Resources */,
			);
			buildRules = (
			);
			dependencies = (
				E090B26923E16E45002EE1B8 /* PBXTargetDependency */,
			);
			name = weCareUITests;
			productName = weCareUITests;
			productReference = E090B26723E16E45002EE1B8 /* weCareUITests.xctest */;
			productType = "com.apple.product-type.bundle.ui-testing";
		};
/* End PBXNativeTarget section */

/* Begin PBXProject section */
		E090B23B23E16E44002EE1B8 /* Project object */ = {
			isa = PBXProject;
			attributes = {
				LastSwiftUpdateCheck = 1130;
				LastUpgradeCheck = 1130;
				ORGANIZATIONNAME = "PRS Kozmetik";
				TargetAttributes = {
					E090B24223E16E44002EE1B8 = {
						CreatedOnToolsVersion = 11.3.1;
					};
					E090B25B23E16E45002EE1B8 = {
						CreatedOnToolsVersion = 11.3.1;
						TestTargetID = E090B24223E16E44002EE1B8;
					};
					E090B26623E16E45002EE1B8 = {
						CreatedOnToolsVersion = 11.3.1;
						TestTargetID = E090B24223E16E44002EE1B8;
					};
				};
			};
			buildConfigurationList = E090B23E23E16E44002EE1B8 /* Build configuration list for PBXProject "weCare" */;
			compatibilityVersion = "Xcode 9.3";
			developmentRegion = en;
			hasScannedForEncodings = 0;
			knownRegions = (
				en,
				Base,
			);
			mainGroup = E090B23A23E16E44002EE1B8;
			productRefGroup = E090B24423E16E44002EE1B8 /* Products */;
			projectDirPath = "";
			projectRoot = "";
			targets = (
				E090B24223E16E44002EE1B8 /* weCare */,
				E090B25B23E16E45002EE1B8 /* weCareTests */,
				E090B26623E16E45002EE1B8 /* weCareUITests */,
			);
		};
/* End PBXProject section */

/* Begin PBXResourcesBuildPhase section */
		E090B24123E16E44002EE1B8 /* Resources */ = {
			isa = PBXResourcesBuildPhase;
			buildActionMask = 2147483647;
			files = (
				E090B25623E16E45002EE1B8 /* LaunchScreen.storyboard in Resources */,
				E090B28B23E1A343002EE1B8 /* SelectProductCell.xib in Resources */,
				E090B28F23E1A355002EE1B8 /* SelectDaysCell.xib in Resources */,
				E090B25323E16E45002EE1B8 /* Assets.xcassets in Resources */,
				E090B24E23E16E44002EE1B8 /* Main.storyboard in Resources */,
				E090B28123E1A0A0002EE1B8 /* CreateProgram.storyboard in Resources */,
				E090B29323E1A365002EE1B8 /* SelectWeeksCell.xib in Resources */,
				E090B29723E1A37C002EE1B8 /* CreateProgramTitleCell.xib in Resources */,
			);
			runOnlyForDeploymentPostprocessing = 0;
		};
		E090B25A23E16E45002EE1B8 /* Resources */ = {
			isa = PBXResourcesBuildPhase;
			buildActionMask = 2147483647;
			files = (
			);
			runOnlyForDeploymentPostprocessing = 0;
		};
		E090B26523E16E45002EE1B8 /* Resources */ = {
			isa = PBXResourcesBuildPhase;
			buildActionMask = 2147483647;
			files = (
			);
			runOnlyForDeploymentPostprocessing = 0;
		};
/* End PBXResourcesBuildPhase section */

/* Begin PBXShellScriptBuildPhase section */
		0C5B95CA3BB85E4839139D1A /* [CP] Check Pods Manifest.lock */ = {
			isa = PBXShellScriptBuildPhase;
			buildActionMask = 2147483647;
			files = (
			);
			inputFileListPaths = (
			);
			inputPaths = (
				"${PODS_PODFILE_DIR_PATH}/Podfile.lock",
				"${PODS_ROOT}/Manifest.lock",
			);
			name = "[CP] Check Pods Manifest.lock";
			outputFileListPaths = (
			);
			outputPaths = (
				"$(DERIVED_FILE_DIR)/Pods-weCare-checkManifestLockResult.txt",
			);
			runOnlyForDeploymentPostprocessing = 0;
			shellPath = /bin/sh;
			shellScript = "diff \"${PODS_PODFILE_DIR_PATH}/Podfile.lock\" \"${PODS_ROOT}/Manifest.lock\" > /dev/null\nif [ $? != 0 ] ; then\n    # print error to STDERR\n    echo \"error: The sandbox is not in sync with the Podfile.lock. Run 'pod install' or update your CocoaPods installation.\" >&2\n    exit 1\nfi\n# This output is used by Xcode 'outputs' to avoid re-running this script phase.\necho \"SUCCESS\" > \"${SCRIPT_OUTPUT_FILE_0}\"\n";
			showEnvVarsInLog = 0;
		};
		5AF734C7DAF99F72A440FB39 /* [CP] Check Pods Manifest.lock */ = {
			isa = PBXShellScriptBuildPhase;
			buildActionMask = 2147483647;
			files = (
			);
			inputFileListPaths = (
			);
			inputPaths = (
				"${PODS_PODFILE_DIR_PATH}/Podfile.lock",
				"${PODS_ROOT}/Manifest.lock",
			);
			name = "[CP] Check Pods Manifest.lock";
			outputFileListPaths = (
			);
			outputPaths = (
				"$(DERIVED_FILE_DIR)/Pods-weCareTests-checkManifestLockResult.txt",
			);
			runOnlyForDeploymentPostprocessing = 0;
			shellPath = /bin/sh;
			shellScript = "diff \"${PODS_PODFILE_DIR_PATH}/Podfile.lock\" \"${PODS_ROOT}/Manifest.lock\" > /dev/null\nif [ $? != 0 ] ; then\n    # print error to STDERR\n    echo \"error: The sandbox is not in sync with the Podfile.lock. Run 'pod install' or update your CocoaPods installation.\" >&2\n    exit 1\nfi\n# This output is used by Xcode 'outputs' to avoid re-running this script phase.\necho \"SUCCESS\" > \"${SCRIPT_OUTPUT_FILE_0}\"\n";
			showEnvVarsInLog = 0;
		};
		684D722E23A1593A45A635E4 /* [CP] Check Pods Manifest.lock */ = {
			isa = PBXShellScriptBuildPhase;
			buildActionMask = 2147483647;
			files = (
			);
			inputFileListPaths = (
			);
			inputPaths = (
				"${PODS_PODFILE_DIR_PATH}/Podfile.lock",
				"${PODS_ROOT}/Manifest.lock",
			);
			name = "[CP] Check Pods Manifest.lock";
			outputFileListPaths = (
			);
			outputPaths = (
				"$(DERIVED_FILE_DIR)/Pods-weCare-weCareUITests-checkManifestLockResult.txt",
			);
			runOnlyForDeploymentPostprocessing = 0;
			shellPath = /bin/sh;
			shellScript = "diff \"${PODS_PODFILE_DIR_PATH}/Podfile.lock\" \"${PODS_ROOT}/Manifest.lock\" > /dev/null\nif [ $? != 0 ] ; then\n    # print error to STDERR\n    echo \"error: The sandbox is not in sync with the Podfile.lock. Run 'pod install' or update your CocoaPods installation.\" >&2\n    exit 1\nfi\n# This output is used by Xcode 'outputs' to avoid re-running this script phase.\necho \"SUCCESS\" > \"${SCRIPT_OUTPUT_FILE_0}\"\n";
			showEnvVarsInLog = 0;
		};
/* End PBXShellScriptBuildPhase section */

/* Begin PBXSourcesBuildPhase section */
		E090B23F23E16E44002EE1B8 /* Sources */ = {
			isa = PBXSourcesBuildPhase;
			buildActionMask = 2147483647;
			files = (
				E090B27B23E1719A002EE1B8 /* BaseViewController.swift in Sources */,
				E090B29923E1A537002EE1B8 /* PRSColor.swift in Sources */,
				E090B24B23E16E44002EE1B8 /* ViewController.swift in Sources */,
				E090B28623E1A327002EE1B8 /* CreateProgramViewController.swift in Sources */,
				E090B29223E1A365002EE1B8 /* SelectWeeksCell.swift in Sources */,
				E090B28A23E1A343002EE1B8 /* SelectProductCell.swift in Sources */,
				E090B28E23E1A355002EE1B8 /* SelectDaysCell.swift in Sources */,
				E090B29623E1A37C002EE1B8 /* CreateProgramTitleCell.swift in Sources */,
				E090B24723E16E44002EE1B8 /* AppDelegate.swift in Sources */,
				E090B27F23E171BA002EE1B8 /* SplashViewController.swift in Sources */,
				E090B29B23E1AE77002EE1B8 /* PRSLabel.swift in Sources */,
				E090B25123E16E44002EE1B8 /* weCare.xcdatamodeld in Sources */,
				E090B24923E16E44002EE1B8 /* SceneDelegate.swift in Sources */,
			);
			runOnlyForDeploymentPostprocessing = 0;
		};
		E090B25823E16E45002EE1B8 /* Sources */ = {
			isa = PBXSourcesBuildPhase;
			buildActionMask = 2147483647;
			files = (
				E090B26123E16E45002EE1B8 /* weCareTests.swift in Sources */,
			);
			runOnlyForDeploymentPostprocessing = 0;
		};
		E090B26323E16E45002EE1B8 /* Sources */ = {
			isa = PBXSourcesBuildPhase;
			buildActionMask = 2147483647;
			files = (
				E090B26C23E16E45002EE1B8 /* weCareUITests.swift in Sources */,
			);
			runOnlyForDeploymentPostprocessing = 0;
		};
/* End PBXSourcesBuildPhase section */

/* Begin PBXTargetDependency section */
		E090B25E23E16E45002EE1B8 /* PBXTargetDependency */ = {
			isa = PBXTargetDependency;
			target = E090B24223E16E44002EE1B8 /* weCare */;
			targetProxy = E090B25D23E16E45002EE1B8 /* PBXContainerItemProxy */;
		};
		E090B26923E16E45002EE1B8 /* PBXTargetDependency */ = {
			isa = PBXTargetDependency;
			target = E090B24223E16E44002EE1B8 /* weCare */;
			targetProxy = E090B26823E16E45002EE1B8 /* PBXContainerItemProxy */;
		};
/* End PBXTargetDependency section */

/* Begin PBXVariantGroup section */
		E090B24C23E16E44002EE1B8 /* Main.storyboard */ = {
			isa = PBXVariantGroup;
			children = (
				E090B24D23E16E44002EE1B8 /* Base */,
			);
			name = Main.storyboard;
			sourceTree = "<group>";
		};
		E090B25423E16E45002EE1B8 /* LaunchScreen.storyboard */ = {
			isa = PBXVariantGroup;
			children = (
				E090B25523E16E45002EE1B8 /* Base */,
			);
			name = LaunchScreen.storyboard;
			sourceTree = "<group>";
		};
/* End PBXVariantGroup section */

/* Begin XCBuildConfiguration section */
		E090B26E23E16E45002EE1B8 /* Debug */ = {
			isa = XCBuildConfiguration;
			buildSettings = {
				ALWAYS_SEARCH_USER_PATHS = NO;
				CLANG_ANALYZER_NONNULL = YES;
				CLANG_ANALYZER_NUMBER_OBJECT_CONVERSION = YES_AGGRESSIVE;
				CLANG_CXX_LANGUAGE_STANDARD = "gnu++14";
				CLANG_CXX_LIBRARY = "libc++";
				CLANG_ENABLE_MODULES = YES;
				CLANG_ENABLE_OBJC_ARC = YES;
				CLANG_ENABLE_OBJC_WEAK = YES;
				CLANG_WARN_BLOCK_CAPTURE_AUTORELEASING = YES;
				CLANG_WARN_BOOL_CONVERSION = YES;
				CLANG_WARN_COMMA = YES;
				CLANG_WARN_CONSTANT_CONVERSION = YES;
				CLANG_WARN_DEPRECATED_OBJC_IMPLEMENTATIONS = YES;
				CLANG_WARN_DIRECT_OBJC_ISA_USAGE = YES_ERROR;
				CLANG_WARN_DOCUMENTATION_COMMENTS = YES;
				CLANG_WARN_EMPTY_BODY = YES;
				CLANG_WARN_ENUM_CONVERSION = YES;
				CLANG_WARN_INFINITE_RECURSION = YES;
				CLANG_WARN_INT_CONVERSION = YES;
				CLANG_WARN_NON_LITERAL_NULL_CONVERSION = YES;
				CLANG_WARN_OBJC_IMPLICIT_RETAIN_SELF = YES;
				CLANG_WARN_OBJC_LITERAL_CONVERSION = YES;
				CLANG_WARN_OBJC_ROOT_CLASS = YES_ERROR;
				CLANG_WARN_RANGE_LOOP_ANALYSIS = YES;
				CLANG_WARN_STRICT_PROTOTYPES = YES;
				CLANG_WARN_SUSPICIOUS_MOVE = YES;
				CLANG_WARN_UNGUARDED_AVAILABILITY = YES_AGGRESSIVE;
				CLANG_WARN_UNREACHABLE_CODE = YES;
				CLANG_WARN__DUPLICATE_METHOD_MATCH = YES;
				COPY_PHASE_STRIP = NO;
				DEBUG_INFORMATION_FORMAT = dwarf;
				ENABLE_STRICT_OBJC_MSGSEND = YES;
				ENABLE_TESTABILITY = YES;
				GCC_C_LANGUAGE_STANDARD = gnu11;
				GCC_DYNAMIC_NO_PIC = NO;
				GCC_NO_COMMON_BLOCKS = YES;
				GCC_OPTIMIZATION_LEVEL = 0;
				GCC_PREPROCESSOR_DEFINITIONS = (
					"DEBUG=1",
					"$(inherited)",
				);
				GCC_WARN_64_TO_32_BIT_CONVERSION = YES;
				GCC_WARN_ABOUT_RETURN_TYPE = YES_ERROR;
				GCC_WARN_UNDECLARED_SELECTOR = YES;
				GCC_WARN_UNINITIALIZED_AUTOS = YES_AGGRESSIVE;
				GCC_WARN_UNUSED_FUNCTION = YES;
				GCC_WARN_UNUSED_VARIABLE = YES;
				IPHONEOS_DEPLOYMENT_TARGET = 13.0;
				MTL_ENABLE_DEBUG_INFO = INCLUDE_SOURCE;
				MTL_FAST_MATH = YES;
				ONLY_ACTIVE_ARCH = YES;
				SDKROOT = iphoneos;
				SWIFT_ACTIVE_COMPILATION_CONDITIONS = DEBUG;
				SWIFT_OPTIMIZATION_LEVEL = "-Onone";
			};
			name = Debug;
		};
		E090B26F23E16E45002EE1B8 /* Release */ = {
			isa = XCBuildConfiguration;
			buildSettings = {
				ALWAYS_SEARCH_USER_PATHS = NO;
				CLANG_ANALYZER_NONNULL = YES;
				CLANG_ANALYZER_NUMBER_OBJECT_CONVERSION = YES_AGGRESSIVE;
				CLANG_CXX_LANGUAGE_STANDARD = "gnu++14";
				CLANG_CXX_LIBRARY = "libc++";
				CLANG_ENABLE_MODULES = YES;
				CLANG_ENABLE_OBJC_ARC = YES;
				CLANG_ENABLE_OBJC_WEAK = YES;
				CLANG_WARN_BLOCK_CAPTURE_AUTORELEASING = YES;
				CLANG_WARN_BOOL_CONVERSION = YES;
				CLANG_WARN_COMMA = YES;
				CLANG_WARN_CONSTANT_CONVERSION = YES;
				CLANG_WARN_DEPRECATED_OBJC_IMPLEMENTATIONS = YES;
				CLANG_WARN_DIRECT_OBJC_ISA_USAGE = YES_ERROR;
				CLANG_WARN_DOCUMENTATION_COMMENTS = YES;
				CLANG_WARN_EMPTY_BODY = YES;
				CLANG_WARN_ENUM_CONVERSION = YES;
				CLANG_WARN_INFINITE_RECURSION = YES;
				CLANG_WARN_INT_CONVERSION = YES;
				CLANG_WARN_NON_LITERAL_NULL_CONVERSION = YES;
				CLANG_WARN_OBJC_IMPLICIT_RETAIN_SELF = YES;
				CLANG_WARN_OBJC_LITERAL_CONVERSION = YES;
				CLANG_WARN_OBJC_ROOT_CLASS = YES_ERROR;
				CLANG_WARN_RANGE_LOOP_ANALYSIS = YES;
				CLANG_WARN_STRICT_PROTOTYPES = YES;
				CLANG_WARN_SUSPICIOUS_MOVE = YES;
				CLANG_WARN_UNGUARDED_AVAILABILITY = YES_AGGRESSIVE;
				CLANG_WARN_UNREACHABLE_CODE = YES;
				CLANG_WARN__DUPLICATE_METHOD_MATCH = YES;
				COPY_PHASE_STRIP = NO;
				DEBUG_INFORMATION_FORMAT = "dwarf-with-dsym";
				ENABLE_NS_ASSERTIONS = NO;
				ENABLE_STRICT_OBJC_MSGSEND = YES;
				GCC_C_LANGUAGE_STANDARD = gnu11;
				GCC_NO_COMMON_BLOCKS = YES;
				GCC_WARN_64_TO_32_BIT_CONVERSION = YES;
				GCC_WARN_ABOUT_RETURN_TYPE = YES_ERROR;
				GCC_WARN_UNDECLARED_SELECTOR = YES;
				GCC_WARN_UNINITIALIZED_AUTOS = YES_AGGRESSIVE;
				GCC_WARN_UNUSED_FUNCTION = YES;
				GCC_WARN_UNUSED_VARIABLE = YES;
				IPHONEOS_DEPLOYMENT_TARGET = 13.0;
				MTL_ENABLE_DEBUG_INFO = NO;
				MTL_FAST_MATH = YES;
				SDKROOT = iphoneos;
				SWIFT_COMPILATION_MODE = wholemodule;
				SWIFT_OPTIMIZATION_LEVEL = "-O";
				VALIDATE_PRODUCT = YES;
			};
			name = Release;
		};
		E090B27123E16E45002EE1B8 /* Debug */ = {
			isa = XCBuildConfiguration;
			baseConfigurationReference = 7FFC719F33F7D4CEDD4B394A /* Pods-weCare.debug.xcconfig */;
			buildSettings = {
				ASSETCATALOG_COMPILER_APPICON_NAME = AppIcon;
				CODE_SIGN_STYLE = Automatic;
				DEVELOPMENT_TEAM = KJU3LCVBHG;
				INFOPLIST_FILE = weCare/Info.plist;
				IPHONEOS_DEPLOYMENT_TARGET = 12.0;
				LD_RUNPATH_SEARCH_PATHS = (
					"$(inherited)",
					"@executable_path/Frameworks",
				);
				PRODUCT_BUNDLE_IDENTIFIER = com.procsin.weCare;
				PRODUCT_NAME = "$(TARGET_NAME)";
				SWIFT_VERSION = 4.0;
				TARGETED_DEVICE_FAMILY = "1,2";
			};
			name = Debug;
		};
		E090B27223E16E45002EE1B8 /* Release */ = {
			isa = XCBuildConfiguration;
			baseConfigurationReference = 0D016A9666063516D0BBBDE8 /* Pods-weCare.release.xcconfig */;
			buildSettings = {
				ASSETCATALOG_COMPILER_APPICON_NAME = AppIcon;
				CODE_SIGN_STYLE = Automatic;
				DEVELOPMENT_TEAM = KJU3LCVBHG;
				INFOPLIST_FILE = weCare/Info.plist;
				IPHONEOS_DEPLOYMENT_TARGET = 12.0;
				LD_RUNPATH_SEARCH_PATHS = (
					"$(inherited)",
					"@executable_path/Frameworks",
				);
				PRODUCT_BUNDLE_IDENTIFIER = com.procsin.weCare;
				PRODUCT_NAME = "$(TARGET_NAME)";
				SWIFT_VERSION = 4.0;
				TARGETED_DEVICE_FAMILY = "1,2";
			};
			name = Release;
		};
		E090B27423E16E45002EE1B8 /* Debug */ = {
			isa = XCBuildConfiguration;
			baseConfigurationReference = 4A08CE33382245EB3095A194 /* Pods-weCareTests.debug.xcconfig */;
			buildSettings = {
				ALWAYS_EMBED_SWIFT_STANDARD_LIBRARIES = YES;
				BUNDLE_LOADER = "$(TEST_HOST)";
				CODE_SIGN_STYLE = Automatic;
				DEVELOPMENT_TEAM = KJU3LCVBHG;
				INFOPLIST_FILE = weCareTests/Info.plist;
				IPHONEOS_DEPLOYMENT_TARGET = 13.2;
				LD_RUNPATH_SEARCH_PATHS = (
					"$(inherited)",
					"@executable_path/Frameworks",
					"@loader_path/Frameworks",
				);
				PRODUCT_BUNDLE_IDENTIFIER = com.procsin.weCareTests;
				PRODUCT_NAME = "$(TARGET_NAME)";
				SWIFT_VERSION = 5.0;
				TARGETED_DEVICE_FAMILY = "1,2";
				TEST_HOST = "$(BUILT_PRODUCTS_DIR)/weCare.app/weCare";
			};
			name = Debug;
		};
		E090B27523E16E45002EE1B8 /* Release */ = {
			isa = XCBuildConfiguration;
			baseConfigurationReference = FA0AD6070B4E2E3D70F9A0BA /* Pods-weCareTests.release.xcconfig */;
			buildSettings = {
				ALWAYS_EMBED_SWIFT_STANDARD_LIBRARIES = YES;
				BUNDLE_LOADER = "$(TEST_HOST)";
				CODE_SIGN_STYLE = Automatic;
				DEVELOPMENT_TEAM = KJU3LCVBHG;
				INFOPLIST_FILE = weCareTests/Info.plist;
				IPHONEOS_DEPLOYMENT_TARGET = 13.2;
				LD_RUNPATH_SEARCH_PATHS = (
					"$(inherited)",
					"@executable_path/Frameworks",
					"@loader_path/Frameworks",
				);
				PRODUCT_BUNDLE_IDENTIFIER = com.procsin.weCareTests;
				PRODUCT_NAME = "$(TARGET_NAME)";
				SWIFT_VERSION = 5.0;
				TARGETED_DEVICE_FAMILY = "1,2";
				TEST_HOST = "$(BUILT_PRODUCTS_DIR)/weCare.app/weCare";
			};
			name = Release;
		};
		E090B27723E16E45002EE1B8 /* Debug */ = {
			isa = XCBuildConfiguration;
			baseConfigurationReference = F24D7B25044DCCE2733DED69 /* Pods-weCare-weCareUITests.debug.xcconfig */;
			buildSettings = {
				ALWAYS_EMBED_SWIFT_STANDARD_LIBRARIES = YES;
				CODE_SIGN_STYLE = Automatic;
				DEVELOPMENT_TEAM = KJU3LCVBHG;
				INFOPLIST_FILE = weCareUITests/Info.plist;
				LD_RUNPATH_SEARCH_PATHS = (
					"$(inherited)",
					"@executable_path/Frameworks",
					"@loader_path/Frameworks",
				);
				PRODUCT_BUNDLE_IDENTIFIER = com.procsin.weCareUITests;
				PRODUCT_NAME = "$(TARGET_NAME)";
				SWIFT_VERSION = 5.0;
				TARGETED_DEVICE_FAMILY = "1,2";
				TEST_TARGET_NAME = weCare;
			};
			name = Debug;
		};
		E090B27823E16E45002EE1B8 /* Release */ = {
			isa = XCBuildConfiguration;
			baseConfigurationReference = A47EAF0717D49E40047C2F4B /* Pods-weCare-weCareUITests.release.xcconfig */;
			buildSettings = {
				ALWAYS_EMBED_SWIFT_STANDARD_LIBRARIES = YES;
				CODE_SIGN_STYLE = Automatic;
				DEVELOPMENT_TEAM = KJU3LCVBHG;
				INFOPLIST_FILE = weCareUITests/Info.plist;
				LD_RUNPATH_SEARCH_PATHS = (
					"$(inherited)",
					"@executable_path/Frameworks",
					"@loader_path/Frameworks",
				);
				PRODUCT_BUNDLE_IDENTIFIER = com.procsin.weCareUITests;
				PRODUCT_NAME = "$(TARGET_NAME)";
				SWIFT_VERSION = 5.0;
				TARGETED_DEVICE_FAMILY = "1,2";
				TEST_TARGET_NAME = weCare;
			};
			name = Release;
		};
/* End XCBuildConfiguration section */

/* Begin XCConfigurationList section */
		E090B23E23E16E44002EE1B8 /* Build configuration list for PBXProject "weCare" */ = {
			isa = XCConfigurationList;
			buildConfigurations = (
				E090B26E23E16E45002EE1B8 /* Debug */,
				E090B26F23E16E45002EE1B8 /* Release */,
			);
			defaultConfigurationIsVisible = 0;
			defaultConfigurationName = Release;
		};
		E090B27023E16E45002EE1B8 /* Build configuration list for PBXNativeTarget "weCare" */ = {
			isa = XCConfigurationList;
			buildConfigurations = (
				E090B27123E16E45002EE1B8 /* Debug */,
				E090B27223E16E45002EE1B8 /* Release */,
			);
			defaultConfigurationIsVisible = 0;
			defaultConfigurationName = Release;
		};
		E090B27323E16E45002EE1B8 /* Build configuration list for PBXNativeTarget "weCareTests" */ = {
			isa = XCConfigurationList;
			buildConfigurations = (
				E090B27423E16E45002EE1B8 /* Debug */,
				E090B27523E16E45002EE1B8 /* Release */,
			);
			defaultConfigurationIsVisible = 0;
			defaultConfigurationName = Release;
		};
		E090B27623E16E45002EE1B8 /* Build configuration list for PBXNativeTarget "weCareUITests" */ = {
			isa = XCConfigurationList;
			buildConfigurations = (
				E090B27723E16E45002EE1B8 /* Debug */,
				E090B27823E16E45002EE1B8 /* Release */,
			);
			defaultConfigurationIsVisible = 0;
			defaultConfigurationName = Release;
		};
/* End XCConfigurationList section */

/* Begin XCVersionGroup section */
		E090B24F23E16E44002EE1B8 /* weCare.xcdatamodeld */ = {
			isa = XCVersionGroup;
			children = (
				E090B25023E16E44002EE1B8 /* weCare.xcdatamodel */,
			);
			currentVersion = E090B25023E16E44002EE1B8 /* weCare.xcdatamodel */;
			path = weCare.xcdatamodeld;
			sourceTree = "<group>";
			versionGroupType = wrapper.xcdatamodel;
		};
/* End XCVersionGroup section */
	};
	rootObject = E090B23B23E16E44002EE1B8 /* Project object */;
}
